
Microsoft Visual Studio Solution File, Format Version 12.00
# Visual Studio Version 17
VisualStudioVersion = 17.3.32825.248
MinimumVisualStudioVersion = 10.0.40219.1
Project("{9A19103F-16F7-4668-BE54-9A1E7A4F7556}") = "ToDoAppMVVM", "ToDoAppMVVM\ToDoAppMVVM.csproj", "{B4C45534-B4F5-47E5-BEE0-B2DFBC6E4D07}"
EndProject
Project("{FAE04EC0-301F-11D3-BF4B-00C04F79EFBC}") = "ToDoAppMVVM.Core", "ToDoAppMVVM.Core\ToDoAppMVVM.Core.csproj", "{4BB2BE2A-6EA1-4120-B3BA-3CE86AD24450}"
EndProject
Global
	GlobalSection(SolutionConfigurationPlatforms) = preSolution
		Debug|Any CPU = Debug|Any CPU
		Release|Any CPU = Release|Any CPU
	EndGlobalSection
	GlobalSection(ProjectConfigurationPlatforms) = postSolution
		{B4C45534-B4F5-47E5-BEE0-B2DFBC6E4D07}.Debug|Any CPU.ActiveCfg = Debug|Any CPU
		{B4C45534-B4F5-47E5-BEE0-B2DFBC6E4D07}.Debug|Any CPU.Build.0 = Debug|Any CPU
		{B4C45534-B4F5-47E5-BEE0-B2DFBC6E4D07}.Release|Any CPU.ActiveCfg = Release|Any CPU
		{B4C45534-B4F5-47E5-BEE0-B2DFBC6E4D07}.Release|Any CPU.Build.0 = Release|Any CPU
		{4BB2BE2A-6EA1-4120-B3BA-3CE86AD24450}.Debug|Any CPU.ActiveCfg = Debug|Any CPU
		{4BB2BE2A-6EA1-4120-B3BA-3CE86AD24450}.Debug|Any CPU.Build.0 = Debug|Any CPU
		{4BB2BE2A-6EA1-4120-B3BA-3CE86AD24450}.Release|Any CPU.ActiveCfg = Release|Any CPU
		{4BB2BE2A-6EA1-4120-B3BA-3CE86AD24450}.Release|Any CPU.Build.0 = Release|Any CPU
	EndGlobalSection
	GlobalSection(SolutionProperties) = preSolution
		HideSolutionNode = FALSE
	EndGlobalSection
	GlobalSection(ExtensibilityGlobals) = postSolution
		SolutionGuid = {FE07CACE-3DB2-492C-83A0-EB21D46F0F90}
	EndGlobalSection
EndGlobal
